
Microsoft Visual Studio Solution File, Format Version 11.00
# Visual Studio 2010
Project("{FAE04EC0-301F-11D3-BF4B-00C04F79EFBC}") = "Assembly-CSharp", "Assembly-CSharp.csproj", "{c48a471f-cca0-1894-5080-c83a194e4015}"
EndProject
Project("{FAE04EC0-301F-11D3-BF4B-00C04F79EFBC}") = "Assembly-CSharp-Editor", "Assembly-CSharp-Editor.csproj", "{61796653-72a2-bb64-2d49-2adafc2867e6}"
EndProject
Global
	GlobalSection(SolutionConfigurationPlatforms) = preSolution
		Debug|Any CPU = Debug|Any CPU
	EndGlobalSection
	GlobalSection(ProjectConfigurationPlatforms) = postSolution
		{c48a471f-cca0-1894-5080-c83a194e4015}.Debug|Any CPU.ActiveCfg = Debug|Any CPU
		{c48a471f-cca0-1894-5080-c83a194e4015}.Debug|Any CPU.Build.0 = Debug|Any CPU
		{61796653-72a2-bb64-2d49-2adafc2867e6}.Debug|Any CPU.ActiveCfg = Debug|Any CPU
		{61796653-72a2-bb64-2d49-2adafc2867e6}.Debug|Any CPU.Build.0 = Debug|Any CPU
	EndGlobalSection
	GlobalSection(SolutionProperties) = preSolution
		HideSolutionNode = FALSE
	EndGlobalSection
EndGlobal
